
Microsoft Visual Studio Solution File, Format Version 11.00
# Visual Studio 2010
Project("{FAE04EC0-301F-11D3-BF4B-00C04F79EFBC}") = "SCMS", "SCMS.csproj", "{508921B8-CB4D-468E-8E83-EA94557B875A}"
EndProject
Global
	GlobalSection(SolutionConfigurationPlatforms) = preSolution
		Debug|Any CPU = Debug|Any CPU
		Release|Any CPU = Release|Any CPU
	EndGlobalSection
	GlobalSection(ProjectConfigurationPlatforms) = postSolution
		{508921B8-CB4D-468E-8E83-EA94557B875A}.Debug|Any CPU.ActiveCfg = Debug|Any CPU
		{508921B8-CB4D-468E-8E83-EA94557B875A}.Debug|Any CPU.Build.0 = Debug|Any CPU
		{508921B8-CB4D-468E-8E83-EA94557B875A}.Release|Any CPU.ActiveCfg = Release|Any CPU
		{508921B8-CB4D-468E-8E83-EA94557B875A}.Release|Any CPU.Build.0 = Release|Any CPU
	EndGlobalSection
	GlobalSection(SolutionProperties) = preSolution
		HideSolutionNode = FALSE
	EndGlobalSection
EndGlobal
